
Microsoft Visual Studio Solution File, Format Version 12.00
# Visual Studio Version 17
VisualStudioVersion = 17.5.33627.172
MinimumVisualStudioVersion = 10.0.40219.1
Project("{FAE04EC0-301F-11D3-BF4B-00C04F79EFBC}") = "Time-Plan.dk", "Time-Plan.dk\Time-Plan.dk.csproj", "{C106CC1A-5623-4A17-88C9-13D289F9340B}"
EndProject
Global
	GlobalSection(SolutionConfigurationPlatforms) = preSolution
		Debug|Any CPU = Debug|Any CPU
		Release|Any CPU = Release|Any CPU
	EndGlobalSection
	GlobalSection(ProjectConfigurationPlatforms) = postSolution
		{C106CC1A-5623-4A17-88C9-13D289F9340B}.Debug|Any CPU.ActiveCfg = Debug|Any CPU
		{C106CC1A-5623-4A17-88C9-13D289F9340B}.Debug|Any CPU.Build.0 = Debug|Any CPU
		{C106CC1A-5623-4A17-88C9-13D289F9340B}.Release|Any CPU.ActiveCfg = Release|Any CPU
		{C106CC1A-5623-4A17-88C9-13D289F9340B}.Release|Any CPU.Build.0 = Release|Any CPU
	EndGlobalSection
	GlobalSection(SolutionProperties) = preSolution
		HideSolutionNode = FALSE
	EndGlobalSection
	GlobalSection(ExtensibilityGlobals) = postSolution
		SolutionGuid = {D6C28C14-A5CB-4BA4-B709-9EEE1CA56C20}
	EndGlobalSection
EndGlobal
